{
  "name": "rgti_webgl",
  "version": "1.0.0",
  "lockfileVersion": 1,
  "requires": true,
  "dependencies": {
    "alea": {
      "version": "1.0.0",
      "resolved": "https://registry.npmjs.org/alea/-/alea-1.0.0.tgz",
      "integrity": "sha512-LSvpz/wLJWC6P19Eogz0IgysHgb46DKhHx4VfNWSCQua3usAYDpmrYxqqlqdy4Ozhd2ras2Km+zc26yBB36EaA=="
    },
    "simplex-noise": {
      "version": "2.4.0",
      "resolved": "https://registry.npmjs.org/simplex-noise/-/simplex-noise-2.4.0.tgz",
      "integrity": "sha512-OjyDWm/QZjVbMrPxDVi9b2as+SeNn9EBXlrWVRlFW+TSyWMSXouDryXkQN0vf5YP+QZKobrmkvx1eQYPLtuqfw=="
    }
  }
}
